// !$*UTF8*$!
{
	archiveVersion = 1;
	classes = {
	};
	objectVersion = 56;
	objects = {

/* Begin PBXBuildFile section */
		BD6662FC2C02523D00CC4415 /* AppDelegate.swift in Sources */ = {isa = PBXBuildFile; fileRef = BD6662FB2C02523D00CC4415 /* AppDelegate.swift */; };
		BD6662FE2C02523D00CC4415 /* SceneDelegate.swift in Sources */ = {isa = PBXBuildFile; fileRef = BD6662FD2C02523D00CC4415 /* SceneDelegate.swift */; };
		BD6663002C02523D00CC4415 /* ViewController.swift in Sources */ = {isa = PBXBuildFile; fileRef = BD6662FF2C02523D00CC4415 /* ViewController.swift */; };
		BD6663032C02523D00CC4415 /* Base in Resources */ = {isa = PBXBuildFile; fileRef = BD6663022C02523D00CC4415 /* Base */; };
		BD6663052C02523E00CC4415 /* Assets.xcassets in Resources */ = {isa = PBXBuildFile; fileRef = BD6663042C02523E00CC4415 /* Assets.xcassets */; };
		BD6663082C02523E00CC4415 /* Base in Resources */ = {isa = PBXBuildFile; fileRef = BD6663072C02523E00CC4415 /* Base */; };
		BD6663132C02523F00CC4415 /* ReelsCreatedTests.swift in Sources */ = {isa = PBXBuildFile; fileRef = BD6663122C02523F00CC4415 /* ReelsCreatedTests.swift */; };
		BD66631D2C02523F00CC4415 /* ReelsCreatedUITests.swift in Sources */ = {isa = PBXBuildFile; fileRef = BD66631C2C02523F00CC4415 /* ReelsCreatedUITests.swift */; };
		BD66631F2C02523F00CC4415 /* ReelsCreatedUITestsLaunchTests.swift in Sources */ = {isa = PBXBuildFile; fileRef = BD66631E2C02523F00CC4415 /* ReelsCreatedUITestsLaunchTests.swift */; };
/* End PBXBuildFile section */

/* Begin PBXContainerItemProxy section */
		BD66630F2C02523F00CC4415 /* PBXContainerItemProxy */ = {
			isa = PBXContainerItemProxy;
			containerPortal = BD6662F02C02523D00CC4415 /* Project object */;
			proxyType = 1;
			remoteGlobalIDString = BD6662F72C02523D00CC4415;
			remoteInfo = ReelsCreated;
		};
		BD6663192C02523F00CC4415 /* PBXContainerItemProxy */ = {
			isa = PBXContainerItemProxy;
			containerPortal = BD6662F02C02523D00CC4415 /* Project object */;
			proxyType = 1;
			remoteGlobalIDString = BD6662F72C02523D00CC4415;
			remoteInfo = ReelsCreated;
		};
/* End PBXContainerItemProxy section */

/* Begin PBXFileReference section */
		BD6662F82C02523D00CC4415 /* ReelsCreated.app */ = {isa = PBXFileReference; explicitFileType = wrapper.application; includeInIndex = 0; path = ReelsCreated.app; sourceTree = BUILT_PRODUCTS_DIR; };
		BD6662FB2C02523D00CC4415 /* AppDelegate.swift */ = {isa = PBXFileReference; lastKnownFileType = sourcecode.swift; path = AppDelegate.swift; sourceTree = "<group>"; };
		BD6662FD2C02523D00CC4415 /* SceneDelegate.swift */ = {isa = PBXFileReference; lastKnownFileType = sourcecode.swift; path = SceneDelegate.swift; sourceTree = "<group>"; };
		BD6662FF2C02523D00CC4415 /* ViewController.swift */ = {isa = PBXFileReference; lastKnownFileType = sourcecode.swift; path = ViewController.swift; sourceTree = "<group>"; };
		BD6663022C02523D00CC4415 /* Base */ = {isa = PBXFileReference; lastKnownFileType = file.storyboard; name = Base; path = Base.lproj/Main.storyboard; sourceTree = "<group>"; };
		BD6663042C02523E00CC4415 /* Assets.xcassets */ = {isa = PBXFileReference; lastKnownFileType = folder.assetcatalog; path = Assets.xcassets; sourceTree = "<group>"; };
		BD6663072C02523E00CC4415 /* Base */ = {isa = PBXFileReference; lastKnownFileType = file.storyboard; name = Base; path = Base.lproj/LaunchScreen.storyboard; sourceTree = "<group>"; };
		BD6663092C02523E00CC4415 /* Info.plist */ = {isa = PBXFileReference; lastKnownFileType = text.plist.xml; path = Info.plist; sourceTree = "<group>"; };
		BD66630E2C02523F00CC4415 /* ReelsCreatedTests.xctest */ = {isa = PBXFileReference; explicitFileType = wrapper.cfbundle; includeInIndex = 0; path = ReelsCreatedTests.xctest; sourceTree = BUILT_PRODUCTS_DIR; };
		BD6663122C02523F00CC4415 /* ReelsCreatedTests.swift */ = {isa = PBXFileReference; lastKnownFileType = sourcecode.swift; path = ReelsCreatedTests.swift; sourceTree = "<group>"; };
		BD6663182C02523F00CC4415 /* ReelsCreatedUITests.xctest */ = {isa = PBXFileReference; explicitFileType = wrapper.cfbundle; includeInIndex = 0; path = ReelsCreatedUITests.xctest; sourceTree = BUILT_PRODUCTS_DIR; };
		BD66631C2C02523F00CC4415 /* ReelsCreatedUITests.swift */ = {isa = PBXFileReference; lastKnownFileType = sourcecode.swift; path = ReelsCreatedUITests.swift; sourceTree = "<group>"; };
		BD66631E2C02523F00CC4415 /* ReelsCreatedUITestsLaunchTests.swift */ = {isa = PBXFileReference; lastKnownFileType = sourcecode.swift; path = ReelsCreatedUITestsLaunchTests.swift; sourceTree = "<group>"; };
/* End PBXFileReference section */

/* Begin PBXFrameworksBuildPhase section */
		BD6662F52C02523D00CC4415 /* Frameworks */ = {
			isa = PBXFrameworksBuildPhase;
			buildActionMask = 2147483647;
			files = (
			);
			runOnlyForDeploymentPostprocessing = 0;
		};
		BD66630B2C02523F00CC4415 /* Frameworks */ = {
			isa = PBXFrameworksBuildPhase;
			buildActionMask = 2147483647;
			files = (
			);
			runOnlyForDeploymentPostprocessing = 0;
		};
		BD6663152C02523F00CC4415 /* Frameworks */ = {
			isa = PBXFrameworksBuildPhase;
			buildActionMask = 2147483647;
			files = (
			);
			runOnlyForDeploymentPostprocessing = 0;
		};
/* End PBXFrameworksBuildPhase section */

/* Begin PBXGroup section */
		BD6662EF2C02523D00CC4415 = {
			isa = PBXGroup;
			children = (
				BD6662FA2C02523D00CC4415 /* ReelsCreated */,
				BD6663112C02523F00CC4415 /* ReelsCreatedTests */,
				BD66631B2C02523F00CC4415 /* ReelsCreatedUITests */,
				BD6662F92C02523D00CC4415 /* Products */,
			);
			sourceTree = "<group>";
		};
		BD6662F92C02523D00CC4415 /* Products */ = {
			isa = PBXGroup;
			children = (
				BD6662F82C02523D00CC4415 /* ReelsCreated.app */,
				BD66630E2C02523F00CC4415 /* ReelsCreatedTests.xctest */,
				BD6663182C02523F00CC4415 /* ReelsCreatedUITests.xctest */,
			);
			name = Products;
			sourceTree = "<group>";
		};
		BD6662FA2C02523D00CC4415 /* ReelsCreated */ = {
			isa = PBXGroup;
			children = (
				BD6662FB2C02523D00CC4415 /* AppDelegate.swift */,
				BD6662FD2C02523D00CC4415 /* SceneDelegate.swift */,
				BD6662FF2C02523D00CC4415 /* ViewController.swift */,
				BD6663012C02523D00CC4415 /* Main.storyboard */,
				BD6663042C02523E00CC4415 /* Assets.xcassets */,
				BD6663062C02523E00CC4415 /* LaunchScreen.storyboard */,
				BD6663092C02523E00CC4415 /* Info.plist */,
			);
			path = ReelsCreated;
			sourceTree = "<group>";
		};
		BD6663112C02523F00CC4415 /* ReelsCreatedTests */ = {
			isa = PBXGroup;
			children = (
				BD6663122C02523F00CC4415 /* ReelsCreatedTests.swift */,
			);
			path = ReelsCreatedTests;
			sourceTree = "<group>";
		};
		BD66631B2C02523F00CC4415 /* ReelsCreatedUITests */ = {
			isa = PBXGroup;
			children = (
				BD66631C2C02523F00CC4415 /* ReelsCreatedUITests.swift */,
				BD66631E2C02523F00CC4415 /* ReelsCreatedUITestsLaunchTests.swift */,
			);
			path = ReelsCreatedUITests;
			sourceTree = "<group>";
		};
/* End PBXGroup section */

/* Begin PBXNativeTarget section */
		BD6662F72C02523D00CC4415 /* ReelsCreated */ = {
			isa = PBXNativeTarget;
			buildConfigurationList = BD6663222C02523F00CC4415 /* Build configuration list for PBXNativeTarget "ReelsCreated" */;
			buildPhases = (
				BD6662F42C02523D00CC4415 /* Sources */,
				BD6662F52C02523D00CC4415 /* Frameworks */,
				BD6662F62C02523D00CC4415 /* Resources */,
			);
			buildRules = (
			);
			dependencies = (
			);
			name = ReelsCreated;
			productName = ReelsCreated;
			productReference = BD6662F82C02523D00CC4415 /* ReelsCreated.app */;
			productType = "com.apple.product-type.application";
		};
		BD66630D2C02523F00CC4415 /* ReelsCreatedTests */ = {
			isa = PBXNativeTarget;
			buildConfigurationList = BD6663252C02523F00CC4415 /* Build configuration list for PBXNativeTarget "ReelsCreatedTests" */;
			buildPhases = (
				BD66630A2C02523F00CC4415 /* Sources */,
				BD66630B2C02523F00CC4415 /* Frameworks */,
				BD66630C2C02523F00CC4415 /* Resources */,
			);
			buildRules = (
			);
			dependencies = (
				BD6663102C02523F00CC4415 /* PBXTargetDependency */,
			);
			name = ReelsCreatedTests;
			productName = ReelsCreatedTests;
			productReference = BD66630E2C02523F00CC4415 /* ReelsCreatedTests.xctest */;
			productType = "com.apple.product-type.bundle.unit-test";
		};
		BD6663172C02523F00CC4415 /* ReelsCreatedUITests */ = {
			isa = PBXNativeTarget;
			buildConfigurationList = BD6663282C02523F00CC4415 /* Build configuration list for PBXNativeTarget "ReelsCreatedUITests" */;
			buildPhases = (
				BD6663142C02523F00CC4415 /* Sources */,
				BD6663152C02523F00CC4415 /* Frameworks */,
				BD6663162C02523F00CC4415 /* Resources */,
			);
			buildRules = (
			);
			dependencies = (
				BD66631A2C02523F00CC4415 /* PBXTargetDependency */,
			);
			name = ReelsCreatedUITests;
			productName = ReelsCreatedUITests;
			productReference = BD6663182C02523F00CC4415 /* ReelsCreatedUITests.xctest */;
			productType = "com.apple.product-type.bundle.ui-testing";
		};
/* End PBXNativeTarget section */

/* Begin PBXProject section */
		BD6662F02C02523D00CC4415 /* Project object */ = {
			isa = PBXProject;
			attributes = {
				BuildIndependentTargetsInParallel = 1;
				LastSwiftUpdateCheck = 1530;
				LastUpgradeCheck = 1530;
				TargetAttributes = {
					BD6662F72C02523D00CC4415 = {
						CreatedOnToolsVersion = 15.3;
					};
					BD66630D2C02523F00CC4415 = {
						CreatedOnToolsVersion = 15.3;
						TestTargetID = BD6662F72C02523D00CC4415;
					};
					BD6663172C02523F00CC4415 = {
						CreatedOnToolsVersion = 15.3;
						TestTargetID = BD6662F72C02523D00CC4415;
					};
				};
			};
			buildConfigurationList = BD6662F32C02523D00CC4415 /* Build configuration list for PBXProject "ReelsCreated" */;
			compatibilityVersion = "Xcode 14.0";
			developmentRegion = en;
			hasScannedForEncodings = 0;
			knownRegions = (
				en,
				Base,
			);
			mainGroup = BD6662EF2C02523D00CC4415;
			productRefGroup = BD6662F92C02523D00CC4415 /* Products */;
			projectDirPath = "";
			projectRoot = "";
			targets = (
				BD6662F72C02523D00CC4415 /* ReelsCreated */,
				BD66630D2C02523F00CC4415 /* ReelsCreatedTests */,
				BD6663172C02523F00CC4415 /* ReelsCreatedUITests */,
			);
		};
/* End PBXProject section */

/* Begin PBXResourcesBuildPhase section */
		BD6662F62C02523D00CC4415 /* Resources */ = {
			isa = PBXResourcesBuildPhase;
			buildActionMask = 2147483647;
			files = (
				BD6663052C02523E00CC4415 /* Assets.xcassets in Resources */,
				BD6663082C02523E00CC4415 /* Base in Resources */,
				BD6663032C02523D00CC4415 /* Base in Resources */,
			);
			runOnlyForDeploymentPostprocessing = 0;
		};
		BD66630C2C02523F00CC4415 /* Resources */ = {
			isa = PBXResourcesBuildPhase;
			buildActionMask = 2147483647;
			files = (
			);
			runOnlyForDeploymentPostprocessing = 0;
		};
		BD6663162C02523F00CC4415 /* Resources */ = {
			isa = PBXResourcesBuildPhase;
			buildActionMask = 2147483647;
			files = (
			);
			runOnlyForDeploymentPostprocessing = 0;
		};
/* End PBXResourcesBuildPhase section */

/* Begin PBXSourcesBuildPhase section */
		BD6662F42C02523D00CC4415 /* Sources */ = {
			isa = PBXSourcesBuildPhase;
			buildActionMask = 2147483647;
			files = (
				BD6663002C02523D00CC4415 /* ViewController.swift in Sources */,
				BD6662FC2C02523D00CC4415 /* AppDelegate.swift in Sources */,
				BD6662FE2C02523D00CC4415 /* SceneDelegate.swift in Sources */,
			);
			runOnlyForDeploymentPostprocessing = 0;
		};
		BD66630A2C02523F00CC4415 /* Sources */ = {
			isa = PBXSourcesBuildPhase;
			buildActionMask = 2147483647;
			files = (
				BD6663132C02523F00CC4415 /* ReelsCreatedTests.swift in Sources */,
			);
			runOnlyForDeploymentPostprocessing = 0;
		};
		BD6663142C02523F00CC4415 /* Sources */ = {
			isa = PBXSourcesBuildPhase;
			buildActionMask = 2147483647;
			files = (
				BD66631D2C02523F00CC4415 /* ReelsCreatedUITests.swift in Sources */,
				BD66631F2C02523F00CC4415 /* ReelsCreatedUITestsLaunchTests.swift in Sources */,
			);
			runOnlyForDeploymentPostprocessing = 0;
		};
/* End PBXSourcesBuildPhase section */

/* Begin PBXTargetDependency section */
		BD6663102C02523F00CC4415 /* PBXTargetDependency */ = {
			isa = PBXTargetDependency;
			target = BD6662F72C02523D00CC4415 /* ReelsCreated */;
			targetProxy = BD66630F2C02523F00CC4415 /* PBXContainerItemProxy */;
		};
		BD66631A2C02523F00CC4415 /* PBXTargetDependency */ = {
			isa = PBXTargetDependency;
			target = BD6662F72C02523D00CC4415 /* ReelsCreated */;
			targetProxy = BD6663192C02523F00CC4415 /* PBXContainerItemProxy */;
		};
/* End PBXTargetDependency section */

/* Begin PBXVariantGroup section */
		BD6663012C02523D00CC4415 /* Main.storyboard */ = {
			isa = PBXVariantGroup;
			children = (
				BD6663022C02523D00CC4415 /* Base */,
			);
			name = Main.storyboard;
			sourceTree = "<group>";
		};
		BD6663062C02523E00CC4415 /* LaunchScreen.storyboard */ = {
			isa = PBXVariantGroup;
			children = (
				BD6663072C02523E00CC4415 /* Base */,
			);
			name = LaunchScreen.storyboard;
			sourceTree = "<group>";
		};
/* End PBXVariantGroup section */

/* Begin XCBuildConfiguration section */
		BD6663202C02523F00CC4415 /* Debug */ = {
			isa = XCBuildConfiguration;
			buildSettings = {
				ALWAYS_SEARCH_USER_PATHS = NO;
				ASSETCATALOG_COMPILER_GENERATE_SWIFT_ASSET_SYMBOL_EXTENSIONS = YES;
				CLANG_ANALYZER_NONNULL = YES;
				CLANG_ANALYZER_NUMBER_OBJECT_CONVERSION = YES_AGGRESSIVE;
				CLANG_CXX_LANGUAGE_STANDARD = "gnu++20";
				CLANG_ENABLE_MODULES = YES;
				CLANG_ENABLE_OBJC_ARC = YES;
				CLANG_ENABLE_OBJC_WEAK = YES;
				CLANG_WARN_BLOCK_CAPTURE_AUTORELEASING = YES;
				CLANG_WARN_BOOL_CONVERSION = YES;
				CLANG_WARN_COMMA = YES;
				CLANG_WARN_CONSTANT_CONVERSION = YES;
				CLANG_WARN_DEPRECATED_OBJC_IMPLEMENTATIONS = YES;
				CLANG_WARN_DIRECT_OBJC_ISA_USAGE = YES_ERROR;
				CLANG_WARN_DOCUMENTATION_COMMENTS = YES;
				CLANG_WARN_EMPTY_BODY = YES;
				CLANG_WARN_ENUM_CONVERSION = YES;
				CLANG_WARN_INFINITE_RECURSION = YES;
				CLANG_WARN_INT_CONVERSION = YES;
				CLANG_WARN_NON_LITERAL_NULL_CONVERSION = YES;
				CLANG_WARN_OBJC_IMPLICIT_RETAIN_SELF = YES;
				CLANG_WARN_OBJC_LITERAL_CONVERSION = YES;
				CLANG_WARN_OBJC_ROOT_CLASS = YES_ERROR;
				CLANG_WARN_QUOTED_INCLUDE_IN_FRAMEWORK_HEADER = YES;
				CLANG_WARN_RANGE_LOOP_ANALYSIS = YES;
				CLANG_WARN_STRICT_PROTOTYPES = YES;
				CLANG_WARN_SUSPICIOUS_MOVE = YES;
				CLANG_WARN_UNGUARDED_AVAILABILITY = YES_AGGRESSIVE;
				CLANG_WARN_UNREACHABLE_CODE = YES;
				CLANG_WARN__DUPLICATE_METHOD_MATCH = YES;
				COPY_PHASE_STRIP = NO;
				DEBUG_INFORMATION_FORMAT = dwarf;
				ENABLE_STRICT_OBJC_MSGSEND = YES;
				ENABLE_TESTABILITY = YES;
				ENABLE_USER_SCRIPT_SANDBOXING = YES;
				GCC_C_LANGUAGE_STANDARD = gnu17;
				GCC_DYNAMIC_NO_PIC = NO;
				GCC_NO_COMMON_BLOCKS = YES;
				GCC_OPTIMIZATION_LEVEL = 0;
				GCC_PREPROCESSOR_DEFINITIONS = (
					"DEBUG=1",
					"$(inherited)",
				);
				GCC_WARN_64_TO_32_BIT_CONVERSION = YES;
				GCC_WARN_ABOUT_RETURN_TYPE = YES_ERROR;
				GCC_WARN_UNDECLARED_SELECTOR = YES;
				GCC_WARN_UNINITIALIZED_AUTOS = YES_AGGRESSIVE;
				GCC_WARN_UNUSED_FUNCTION = YES;
				GCC_WARN_UNUSED_VARIABLE = YES;
				IPHONEOS_DEPLOYMENT_TARGET = 17.4;
				LOCALIZATION_PREFERS_STRING_CATALOGS = YES;
				MTL_ENABLE_DEBUG_INFO = INCLUDE_SOURCE;
				MTL_FAST_MATH = YES;
				ONLY_ACTIVE_ARCH = YES;
				SDKROOT = iphoneos;
				SWIFT_ACTIVE_COMPILATION_CONDITIONS = "DEBUG $(inherited)";
				SWIFT_OPTIMIZATION_LEVEL = "-Onone";
			};
			name = Debug;
		};
		BD6663212C02523F00CC4415 /* Release */ = {
			isa = XCBuildConfiguration;
			buildSettings = {
				ALWAYS_SEARCH_USER_PATHS = NO;
				ASSETCATALOG_COMPILER_GENERATE_SWIFT_ASSET_SYMBOL_EXTENSIONS = YES;
				CLANG_ANALYZER_NONNULL = YES;
				CLANG_ANALYZER_NUMBER_OBJECT_CONVERSION = YES_AGGRESSIVE;
				CLANG_CXX_LANGUAGE_STANDARD = "gnu++20";
				CLANG_ENABLE_MODULES = YES;
				CLANG_ENABLE_OBJC_ARC = YES;
				CLANG_ENABLE_OBJC_WEAK = YES;
				CLANG_WARN_BLOCK_CAPTURE_AUTORELEASING = YES;
				CLANG_WARN_BOOL_CONVERSION = YES;
				CLANG_WARN_COMMA = YES;
				CLANG_WARN_CONSTANT_CONVERSION = YES;
				CLANG_WARN_DEPRECATED_OBJC_IMPLEMENTATIONS = YES;
				CLANG_WARN_DIRECT_OBJC_ISA_USAGE = YES_ERROR;
				CLANG_WARN_DOCUMENTATION_COMMENTS = YES;
				CLANG_WARN_EMPTY_BODY = YES;
				CLANG_WARN_ENUM_CONVERSION = YES;
				CLANG_WARN_INFINITE_RECURSION = YES;
				CLANG_WARN_INT_CONVERSION = YES;
				CLANG_WARN_NON_LITERAL_NULL_CONVERSION = YES;
				CLANG_WARN_OBJC_IMPLICIT_RETAIN_SELF = YES;
				CLANG_WARN_OBJC_LITERAL_CONVERSION = YES;
				CLANG_WARN_OBJC_ROOT_CLASS = YES_ERROR;
				CLANG_WARN_QUOTED_INCLUDE_IN_FRAMEWORK_HEADER = YES;
				CLANG_WARN_RANGE_LOOP_ANALYSIS = YES;
				CLANG_WARN_STRICT_PROTOTYPES = YES;
				CLANG_WARN_SUSPICIOUS_MOVE = YES;
				CLANG_WARN_UNGUARDED_AVAILABILITY = YES_AGGRESSIVE;
				CLANG_WARN_UNREACHABLE_CODE = YES;
				CLANG_WARN__DUPLICATE_METHOD_MATCH = YES;
				COPY_PHASE_STRIP = NO;
				DEBUG_INFORMATION_FORMAT = "dwarf-with-dsym";
				ENABLE_NS_ASSERTIONS = NO;
				ENABLE_STRICT_OBJC_MSGSEND = YES;
				ENABLE_USER_SCRIPT_SANDBOXING = YES;
				GCC_C_LANGUAGE_STANDARD = gnu17;
				GCC_NO_COMMON_BLOCKS = YES;
				GCC_WARN_64_TO_32_BIT_CONVERSION = YES;
				GCC_WARN_ABOUT_RETURN_TYPE = YES_ERROR;
				GCC_WARN_UNDECLARED_SELECTOR = YES;
				GCC_WARN_UNINITIALIZED_AUTOS = YES_AGGRESSIVE;
				GCC_WARN_UNUSED_FUNCTION = YES;
				GCC_WARN_UNUSED_VARIABLE = YES;
				IPHONEOS_DEPLOYMENT_TARGET = 17.4;
				LOCALIZATION_PREFERS_STRING_CATALOGS = YES;
				MTL_ENABLE_DEBUG_INFO = NO;
				MTL_FAST_MATH = YES;
				SDKROOT = iphoneos;
				SWIFT_COMPILATION_MODE = wholemodule;
				VALIDATE_PRODUCT = YES;
			};
			name = Release;
		};
		BD6663232C02523F00CC4415 /* Debug */ = {
			isa = XCBuildConfiguration;
			buildSettings = {
				ASSETCATALOG_COMPILER_APPICON_NAME = AppIcon;
				ASSETCATALOG_COMPILER_GLOBAL_ACCENT_COLOR_NAME = AccentColor;
				CODE_SIGN_STYLE = Automatic;
				CURRENT_PROJECT_VERSION = 1;
				GENERATE_INFOPLIST_FILE = YES;
				INFOPLIST_FILE = ReelsCreated/Info.plist;
				INFOPLIST_KEY_UIApplicationSupportsIndirectInputEvents = YES;
				INFOPLIST_KEY_UILaunchStoryboardName = LaunchScreen;
				INFOPLIST_KEY_UIMainStoryboardFile = Main;
				INFOPLIST_KEY_UISupportedInterfaceOrientations_iPad = "UIInterfaceOrientationPortrait UIInterfaceOrientationPortraitUpsideDown UIInterfaceOrientationLandscapeLeft UIInterfaceOrientationLandscapeRight";
				INFOPLIST_KEY_UISupportedInterfaceOrientations_iPhone = "UIInterfaceOrientationPortrait UIInterfaceOrientationLandscapeLeft UIInterfaceOrientationLandscapeRight";
				LD_RUNPATH_SEARCH_PATHS = (
					"$(inherited)",
					"@executable_path/Frameworks",
				);
				MARKETING_VERSION = 1.0;
				PRODUCT_BUNDLE_IDENTIFIER = com.plexustechnology.ReelsCreated;
				PRODUCT_NAME = "$(TARGET_NAME)";
				SWIFT_EMIT_LOC_STRINGS = YES;
				SWIFT_VERSION = 5.0;
				TARGETED_DEVICE_FAMILY = "1,2";
			};
			name = Debug;
		};
		BD6663242C02523F00CC4415 /* Release */ = {
			isa = XCBuildConfiguration;
			buildSettings = {
				ASSETCATALOG_COMPILER_APPICON_NAME = AppIcon;
				ASSETCATALOG_COMPILER_GLOBAL_ACCENT_COLOR_NAME = AccentColor;
				CODE_SIGN_STYLE = Automatic;
				CURRENT_PROJECT_VERSION = 1;
				GENERATE_INFOPLIST_FILE = YES;
				INFOPLIST_FILE = ReelsCreated/Info.plist;
				INFOPLIST_KEY_UIApplicationSupportsIndirectInputEvents = YES;
				INFOPLIST_KEY_UILaunchStoryboardName = LaunchScreen;
				INFOPLIST_KEY_UIMainStoryboardFile = Main;
				INFOPLIST_KEY_UISupportedInterfaceOrientations_iPad = "UIInterfaceOrientationPortrait UIInterfaceOrientationPortraitUpsideDown UIInterfaceOrientationLandscapeLeft UIInterfaceOrientationLandscapeRight";
				INFOPLIST_KEY_UISupportedInterfaceOrientations_iPhone = "UIInterfaceOrientationPortrait UIInterfaceOrientationLandscapeLeft UIInterfaceOrientationLandscapeRight";
				LD_RUNPATH_SEARCH_PATHS = (
					"$(inherited)",
					"@executable_path/Frameworks",
				);
				MARKETING_VERSION = 1.0;
				PRODUCT_BUNDLE_IDENTIFIER = com.plexustechnology.ReelsCreated;
				PRODUCT_NAME = "$(TARGET_NAME)";
				SWIFT_EMIT_LOC_STRINGS = YES;
				SWIFT_VERSION = 5.0;
				TARGETED_DEVICE_FAMILY = "1,2";
			};
			name = Release;
		};
		BD6663262C02523F00CC4415 /* Debug */ = {
			isa = XCBuildConfiguration;
			buildSettings = {
				ALWAYS_EMBED_SWIFT_STANDARD_LIBRARIES = YES;
				BUNDLE_LOADER = "$(TEST_HOST)";
				CODE_SIGN_STYLE = Automatic;
				CURRENT_PROJECT_VERSION = 1;
				GENERATE_INFOPLIST_FILE = YES;
				IPHONEOS_DEPLOYMENT_TARGET = 17.4;
				MARKETING_VERSION = 1.0;
				PRODUCT_BUNDLE_IDENTIFIER = com.plexustechnology.ReelsCreatedTests;
				PRODUCT_NAME = "$(TARGET_NAME)";
				SWIFT_EMIT_LOC_STRINGS = NO;
				SWIFT_VERSION = 5.0;
				TARGETED_DEVICE_FAMILY = "1,2";
				TEST_HOST = "$(BUILT_PRODUCTS_DIR)/ReelsCreated.app/$(BUNDLE_EXECUTABLE_FOLDER_PATH)/ReelsCreated";
			};
			name = Debug;
		};
		BD6663272C02523F00CC4415 /* Release */ = {
			isa = XCBuildConfiguration;
			buildSettings = {
				ALWAYS_EMBED_SWIFT_STANDARD_LIBRARIES = YES;
				BUNDLE_LOADER = "$(TEST_HOST)";
				CODE_SIGN_STYLE = Automatic;
				CURRENT_PROJECT_VERSION = 1;
				GENERATE_INFOPLIST_FILE = YES;
				IPHONEOS_DEPLOYMENT_TARGET = 17.4;
				MARKETING_VERSION = 1.0;
				PRODUCT_BUNDLE_IDENTIFIER = com.plexustechnology.ReelsCreatedTests;
				PRODUCT_NAME = "$(TARGET_NAME)";
				SWIFT_EMIT_LOC_STRINGS = NO;
				SWIFT_VERSION = 5.0;
				TARGETED_DEVICE_FAMILY = "1,2";
				TEST_HOST = "$(BUILT_PRODUCTS_DIR)/ReelsCreated.app/$(BUNDLE_EXECUTABLE_FOLDER_PATH)/ReelsCreated";
			};
			name = Release;
		};
		BD6663292C02523F00CC4415 /* Debug */ = {
			isa = XCBuildConfiguration;
			buildSettings = {
				ALWAYS_EMBED_SWIFT_STANDARD_LIBRARIES = YES;
				CODE_SIGN_STYLE = Automatic;
				CURRENT_PROJECT_VERSION = 1;
				GENERATE_INFOPLIST_FILE = YES;
				MARKETING_VERSION = 1.0;
				PRODUCT_BUNDLE_IDENTIFIER = com.plexustechnology.ReelsCreatedUITests;
				PRODUCT_NAME = "$(TARGET_NAME)";
				SWIFT_EMIT_LOC_STRINGS = NO;
				SWIFT_VERSION = 5.0;
				TARGETED_DEVICE_FAMILY = "1,2";
				TEST_TARGET_NAME = ReelsCreated;
			};
			name = Debug;
		};
		BD66632A2C02523F00CC4415 /* Release */ = {
			isa = XCBuildConfiguration;
			buildSettings = {
				ALWAYS_EMBED_SWIFT_STANDARD_LIBRARIES = YES;
				CODE_SIGN_STYLE = Automatic;
				CURRENT_PROJECT_VERSION = 1;
				GENERATE_INFOPLIST_FILE = YES;
				MARKETING_VERSION = 1.0;
				PRODUCT_BUNDLE_IDENTIFIER = com.plexustechnology.ReelsCreatedUITests;
				PRODUCT_NAME = "$(TARGET_NAME)";
				SWIFT_EMIT_LOC_STRINGS = NO;
				SWIFT_VERSION = 5.0;
				TARGETED_DEVICE_FAMILY = "1,2";
				TEST_TARGET_NAME = ReelsCreated;
			};
			name = Release;
		};
/* End XCBuildConfiguration section */

/* Begin XCConfigurationList section */
		BD6662F32C02523D00CC4415 /* Build configuration list for PBXProject "ReelsCreated" */ = {
			isa = XCConfigurationList;
			buildConfigurations = (
				BD6663202C02523F00CC4415 /* Debug */,
				BD6663212C02523F00CC4415 /* Release */,
			);
			defaultConfigurationIsVisible = 0;
			defaultConfigurationName = Release;
		};
		BD6663222C02523F00CC4415 /* Build configuration list for PBXNativeTarget "ReelsCreated" */ = {
			isa = XCConfigurationList;
			buildConfigurations = (
				BD6663232C02523F00CC4415 /* Debug */,
				BD6663242C02523F00CC4415 /* Release */,
			);
			defaultConfigurationIsVisible = 0;
			defaultConfigurationName = Release;
		};
		BD6663252C02523F00CC4415 /* Build configuration list for PBXNativeTarget "ReelsCreatedTests" */ = {
			isa = XCConfigurationList;
			buildConfigurations = (
				BD6663262C02523F00CC4415 /* Debug */,
				BD6663272C02523F00CC4415 /* Release */,
			);
			defaultConfigurationIsVisible = 0;
			defaultConfigurationName = Release;
		};
		BD6663282C02523F00CC4415 /* Build configuration list for PBXNativeTarget "ReelsCreatedUITests" */ = {
			isa = XCConfigurationList;
			buildConfigurations = (
				BD6663292C02523F00CC4415 /* Debug */,
				BD66632A2C02523F00CC4415 /* Release */,
			);
			defaultConfigurationIsVisible = 0;
			defaultConfigurationName = Release;
		};
/* End XCConfigurationList section */
	};
	rootObject = BD6662F02C02523D00CC4415 /* Project object */;
}
